
Microsoft Visual Studio Solution File, Format Version 12.00
# Visual Studio Version 16
VisualStudioVersion = 16.0.32510.428
MinimumVisualStudioVersion = 10.0.40219.1
Project("{8BC9CEB8-8B4A-11D0-8D11-00A0C91BC942}") = "ANM_Cpp_Time_hw7", "ANM_Cpp_Time_hw7\ANM_Cpp_Time_hw7.vcxproj", "{A107C62E-D18D-46E2-B30B-8A7AD6A1F26D}"
EndProject
Global
	GlobalSection(SolutionConfigurationPlatforms) = preSolution
		Debug|x64 = Debug|x64
		Debug|x86 = Debug|x86
		Release|x64 = Release|x64
		Release|x86 = Release|x86
	EndGlobalSection
	GlobalSection(ProjectConfigurationPlatforms) = postSolution
		{A107C62E-D18D-46E2-B30B-8A7AD6A1F26D}.Debug|x64.ActiveCfg = Debug|x64
		{A107C62E-D18D-46E2-B30B-8A7AD6A1F26D}.Debug|x64.Build.0 = Debug|x64
		{A107C62E-D18D-46E2-B30B-8A7AD6A1F26D}.Debug|x86.ActiveCfg = Debug|Win32
		{A107C62E-D18D-46E2-B30B-8A7AD6A1F26D}.Debug|x86.Build.0 = Debug|Win32
		{A107C62E-D18D-46E2-B30B-8A7AD6A1F26D}.Release|x64.ActiveCfg = Release|x64
		{A107C62E-D18D-46E2-B30B-8A7AD6A1F26D}.Release|x64.Build.0 = Release|x64
		{A107C62E-D18D-46E2-B30B-8A7AD6A1F26D}.Release|x86.ActiveCfg = Release|Win32
		{A107C62E-D18D-46E2-B30B-8A7AD6A1F26D}.Release|x86.Build.0 = Release|Win32
	EndGlobalSection
	GlobalSection(SolutionProperties) = preSolution
		HideSolutionNode = FALSE
	EndGlobalSection
	GlobalSection(ExtensibilityGlobals) = postSolution
		SolutionGuid = {C4EA2022-C806-4EB2-A66F-B5B078E461A5}
	EndGlobalSection
EndGlobal
